dependencies:
  espressif/esp_tinyusb:
    component_hash: 18cfcc83bc28b66f008007843a995a6b78d3293ac7befedc93371605e212a06b
    dependencies:
    - name: idf
      require: private
      version: '>=5.0'
    - name: espressif/tinyusb
      registry_url: https://components.espressif.com
      require: public
      version: '>=0.17.0'
    source:
      registry_url: https://components.espressif.com/
      type: service
    targets:
    - esp32s2
    - esp32s3
    - esp32p4
    version: 2.0.0
  espressif/tinyusb:
    component_hash: aa65639878f27a44d349044afd9c3fc134a92bd560874fdac1d836019b5c07ca
    dependencies:
    - name: idf
      require: private
      version: '>=5.0'
    source:
      registry_url: https://components.espressif.com
      type: service
    targets:
    - esp32s2
    - esp32s3
    - esp32p4
    version: 0.18.0~4
  idf:
    source:
      type: idf
    version: 5.5.1
direct_dependencies:
- espressif/esp_tinyusb
- idf
manifest_hash: 2f7c02c382882bb4c53eeec6b49fb044b227007b037ea83dd267e4168122d61b
target: esp32s3
version: 2.0.0
